// !$*UTF8*$!
{
	archiveVersion = 1;
	classes = {
	};
	objectVersion = 46;
	objects = {

/* Begin PBXBuildFile section */
		1AC6D055FE68D8E5E21004D7 /* libPods.a in Frameworks */ = {isa = PBXBuildFile; fileRef = 9972426A839C0F8F97500F13 /* libPods.a */; };
		4C59E7001CDFB4FB001A1103 /* AppDelegate.m in Sources */ = {isa = PBXBuildFile; fileRef = 4C59E6FF1CDFB4FB001A1103 /* AppDelegate.m */; };
		4C59E7031CDFB4FB001A1103 /* main.m in Sources */ = {isa = PBXBuildFile; fileRef = 4C59E7021CDFB4FB001A1103 /* main.m */; };
		4C59E7061CDFB4FB001A1103 /* GameScene.m in Sources */ = {isa = PBXBuildFile; fileRef = 4C59E7051CDFB4FB001A1103 /* GameScene.m */; };
		4C59E7081CDFB4FB001A1103 /* GameScene.sks in Resources */ = {isa = PBXBuildFile; fileRef = 4C59E7071CDFB4FB001A1103 /* GameScene.sks */; };
		4C59E70A1CDFB4FB001A1103 /* Assets.xcassets in Resources */ = {isa = PBXBuildFile; fileRef = 4C59E7091CDFB4FB001A1103 /* Assets.xcassets */; };
		4C59E70D1CDFB4FB001A1103 /* MainMenu.xib in Resources */ = {isa = PBXBuildFile; fileRef = 4C59E70B1CDFB4FB001A1103 /* MainMenu.xib */; };
		4C59E7181CDFB4FC001A1103 /* JHNeuralSimTests.m in Sources */ = {isa = PBXBuildFile; fileRef = 4C59E7171CDFB4FC001A1103 /* JHNeuralSimTests.m */; };
		4C59E72A1CDFDC3B001A1103 /* JHActorNode.m in Sources */ = {isa = PBXBuildFile; fileRef = 4C59E7291CDFDC3B001A1103 /* JHActorNode.m */; };
		4C59E72D1CDFDC9C001A1103 /* JHNeuralNetwork.m in Sources */ = {isa = PBXBuildFile; fileRef = 4C59E72C1CDFDC9C001A1103 /* JHNeuralNetwork.m */; };
		4C64D7A51CE2059600A7CDB6 /* JHGeneticAlgorithm.m in Sources */ = {isa = PBXBuildFile; fileRef = 4C64D7A41CE2059600A7CDB6 /* JHGeneticAlgorithm.m */; };
		4C64D7A71CE20A7100A7CDB6 /* JHConstants.m in Sources */ = {isa = PBXBuildFile; fileRef = 4C64D7A61CE20A7100A7CDB6 /* JHConstants.m */; };
		4C64D7B31CE5711100A7CDB6 /* JHGame.m in Sources */ = {isa = PBXBuildFile; fileRef = 4C64D7B21CE5711100A7CDB6 /* JHGame.m */; };
		4C64D7B61CE5712A00A7CDB6 /* JHGameBoard.m in Sources */ = {isa = PBXBuildFile; fileRef = 4C64D7B51CE5712A00A7CDB6 /* JHGameBoard.m */; };
		4C9AC6D31CE0103C006159AC /* JHGameNode.m in Sources */ = {isa = PBXBuildFile; fileRef = 4C9AC6D21CE0103C006159AC /* JHGameNode.m */; };
		4C9AC6D61CE0118C006159AC /* JHTileNode.m in Sources */ = {isa = PBXBuildFile; fileRef = 4C9AC6D51CE0118C006159AC /* JHTileNode.m */; };
		4CD87C911CE015AD00B382C1 /* JHSpriteNode.m in Sources */ = {isa = PBXBuildFile; fileRef = 4CD87C901CE015AD00B382C1 /* JHSpriteNode.m */; };
		4CDE243D1CE581ED00F30248 /* podfile in Resources */ = {isa = PBXBuildFile; fileRef = 4CDE243C1CE581ED00F30248 /* podfile */; };
		4CDE244B1CE919E200F30248 /* Accelerate.framework in Frameworks */ = {isa = PBXBuildFile; fileRef = 4CDE244A1CE919E200F30248 /* Accelerate.framework */; };
/* End PBXBuildFile section */

/* Begin PBXContainerItemProxy section */
		4C59E7141CDFB4FC001A1103 /* PBXContainerItemProxy */ = {
			isa = PBXContainerItemProxy;
			containerPortal = 4C59E6F31CDFB4FB001A1103 /* Project object */;
			proxyType = 1;
			remoteGlobalIDString = 4C59E6FA1CDFB4FB001A1103;
			remoteInfo = JHNeuralSim;
		};
/* End PBXContainerItemProxy section */

/* Begin PBXFileReference section */
		2591B6C71B411FDB1EC24A26 /* Pods.release.xcconfig */ = {isa = PBXFileReference; includeInIndex = 1; lastKnownFileType = text.xcconfig; name = Pods.release.xcconfig; path = "Pods/Target Support Files/Pods/Pods.release.xcconfig"; sourceTree = "<group>"; };
		4B4E634B02B758AEDFC1F484 /* Pods.debug.xcconfig */ = {isa = PBXFileReference; includeInIndex = 1; lastKnownFileType = text.xcconfig; name = Pods.debug.xcconfig; path = "Pods/Target Support Files/Pods/Pods.debug.xcconfig"; sourceTree = "<group>"; };
		4C59E6FB1CDFB4FB001A1103 /* JHNeuralSim.app */ = {isa = PBXFileReference; explicitFileType = wrapper.application; includeInIndex = 0; path = JHNeuralSim.app; sourceTree = BUILT_PRODUCTS_DIR; };
		4C59E6FE1CDFB4FB001A1103 /* AppDelegate.h */ = {isa = PBXFileReference; lastKnownFileType = sourcecode.c.h; path = AppDelegate.h; sourceTree = "<group>"; };
		4C59E6FF1CDFB4FB001A1103 /* AppDelegate.m */ = {isa = PBXFileReference; lastKnownFileType = sourcecode.c.objc; path = AppDelegate.m; sourceTree = "<group>"; };
		4C59E7021CDFB4FB001A1103 /* main.m */ = {isa = PBXFileReference; lastKnownFileType = sourcecode.c.objc; path = main.m; sourceTree = "<group>"; };
		4C59E7041CDFB4FB001A1103 /* GameScene.h */ = {isa = PBXFileReference; lastKnownFileType = sourcecode.c.h; path = GameScene.h; sourceTree = "<group>"; };
		4C59E7051CDFB4FB001A1103 /* GameScene.m */ = {isa = PBXFileReference; lastKnownFileType = sourcecode.c.objc; path = GameScene.m; sourceTree = "<group>"; };
		4C59E7071CDFB4FB001A1103 /* GameScene.sks */ = {isa = PBXFileReference; lastKnownFileType = file.sks; path = GameScene.sks; sourceTree = "<group>"; };
		4C59E7091CDFB4FB001A1103 /* Assets.xcassets */ = {isa = PBXFileReference; lastKnownFileType = folder.assetcatalog; path = Assets.xcassets; sourceTree = "<group>"; };
		4C59E70C1CDFB4FB001A1103 /* Base */ = {isa = PBXFileReference; lastKnownFileType = file.xib; name = Base; path = Base.lproj/MainMenu.xib; sourceTree = "<group>"; };
		4C59E70E1CDFB4FB001A1103 /* Info.plist */ = {isa = PBXFileReference; lastKnownFileType = text.plist.xml; path = Info.plist; sourceTree = "<group>"; };
		4C59E7131CDFB4FC001A1103 /* JHNeuralSimTests.xctest */ = {isa = PBXFileReference; explicitFileType = wrapper.cfbundle; includeInIndex = 0; path = JHNeuralSimTests.xctest; sourceTree = BUILT_PRODUCTS_DIR; };
		4C59E7171CDFB4FC001A1103 /* JHNeuralSimTests.m */ = {isa = PBXFileReference; lastKnownFileType = sourcecode.c.objc; path = JHNeuralSimTests.m; sourceTree = "<group>"; };
		4C59E7191CDFB4FC001A1103 /* Info.plist */ = {isa = PBXFileReference; lastKnownFileType = text.plist.xml; path = Info.plist; sourceTree = "<group>"; };
		4C59E7281CDFDC3B001A1103 /* JHActorNode.h */ = {isa = PBXFileReference; fileEncoding = 4; lastKnownFileType = sourcecode.c.h; path = JHActorNode.h; sourceTree = "<group>"; };
		4C59E7291CDFDC3B001A1103 /* JHActorNode.m */ = {isa = PBXFileReference; fileEncoding = 4; lastKnownFileType = sourcecode.c.objc; path = JHActorNode.m; sourceTree = "<group>"; };
		4C59E72B1CDFDC9C001A1103 /* JHNeuralNetwork.h */ = {isa = PBXFileReference; fileEncoding = 4; lastKnownFileType = sourcecode.c.h; path = JHNeuralNetwork.h; sourceTree = "<group>"; };
		4C59E72C1CDFDC9C001A1103 /* JHNeuralNetwork.m */ = {isa = PBXFileReference; fileEncoding = 4; lastKnownFileType = sourcecode.c.objc; path = JHNeuralNetwork.m; sourceTree = "<group>"; };
		4C59E7311CDFE01C001A1103 /* JHConstants.h */ = {isa = PBXFileReference; lastKnownFileType = sourcecode.c.h; path = JHConstants.h; sourceTree = "<group>"; };
		4C64D7A31CE2059600A7CDB6 /* JHGeneticAlgorithm.h */ = {isa = PBXFileReference; fileEncoding = 4; lastKnownFileType = sourcecode.c.h; path = JHGeneticAlgorithm.h; sourceTree = "<group>"; };
		4C64D7A41CE2059600A7CDB6 /* JHGeneticAlgorithm.m */ = {isa = PBXFileReference; fileEncoding = 4; lastKnownFileType = sourcecode.c.objc; path = JHGeneticAlgorithm.m; sourceTree = "<group>"; };
		4C64D7A61CE20A7100A7CDB6 /* JHConstants.m */ = {isa = PBXFileReference; fileEncoding = 4; lastKnownFileType = sourcecode.c.objc; path = JHConstants.m; sourceTree = "<group>"; };
		4C64D7B11CE5711100A7CDB6 /* JHGame.h */ = {isa = PBXFileReference; fileEncoding = 4; lastKnownFileType = sourcecode.c.h; path = JHGame.h; sourceTree = "<group>"; };
		4C64D7B21CE5711100A7CDB6 /* JHGame.m */ = {isa = PBXFileReference; fileEncoding = 4; lastKnownFileType = sourcecode.c.objc; path = JHGame.m; sourceTree = "<group>"; };
		4C64D7B41CE5712A00A7CDB6 /* JHGameBoard.h */ = {isa = PBXFileReference; fileEncoding = 4; lastKnownFileType = sourcecode.c.h; path = JHGameBoard.h; sourceTree = "<group>"; };
		4C64D7B51CE5712A00A7CDB6 /* JHGameBoard.m */ = {isa = PBXFileReference; fileEncoding = 4; lastKnownFileType = sourcecode.c.objc; path = JHGameBoard.m; sourceTree = "<group>"; };
		4C9AC6D11CE0103C006159AC /* JHGameNode.h */ = {isa = PBXFileReference; fileEncoding = 4; lastKnownFileType = sourcecode.c.h; path = JHGameNode.h; sourceTree = "<group>"; };
		4C9AC6D21CE0103C006159AC /* JHGameNode.m */ = {isa = PBXFileReference; fileEncoding = 4; lastKnownFileType = sourcecode.c.objc; path = JHGameNode.m; sourceTree = "<group>"; };
		4C9AC6D41CE0118C006159AC /* JHTileNode.h */ = {isa = PBXFileReference; fileEncoding = 4; lastKnownFileType = sourcecode.c.h; path = JHTileNode.h; sourceTree = "<group>"; };
		4C9AC6D51CE0118C006159AC /* JHTileNode.m */ = {isa = PBXFileReference; fileEncoding = 4; lastKnownFileType = sourcecode.c.objc; path = JHTileNode.m; sourceTree = "<group>"; };
		4CD87C8F1CE015AD00B382C1 /* JHSpriteNode.h */ = {isa = PBXFileReference; fileEncoding = 4; lastKnownFileType = sourcecode.c.h; path = JHSpriteNode.h; sourceTree = "<group>"; };
		4CD87C901CE015AD00B382C1 /* JHSpriteNode.m */ = {isa = PBXFileReference; fileEncoding = 4; lastKnownFileType = sourcecode.c.objc; path = JHSpriteNode.m; sourceTree = "<group>"; };
		4CDE243C1CE581ED00F30248 /* podfile */ = {isa = PBXFileReference; fileEncoding = 4; lastKnownFileType = text; path = podfile; sourceTree = SOURCE_ROOT; };
		4CDE24481CE919D200F30248 /* vecLib.framework */ = {isa = PBXFileReference; lastKnownFileType = wrapper.framework; name = vecLib.framework; path = System/Library/Frameworks/vecLib.framework; sourceTree = SDKROOT; };
		4CDE244A1CE919E200F30248 /* Accelerate.framework */ = {isa = PBXFileReference; lastKnownFileType = wrapper.framework; name = Accelerate.framework; path = System/Library/Frameworks/Accelerate.framework; sourceTree = SDKROOT; };
		9972426A839C0F8F97500F13 /* libPods.a */ = {isa = PBXFileReference; explicitFileType = archive.ar; includeInIndex = 0; path = libPods.a; sourceTree = BUILT_PRODUCTS_DIR; };
/* End PBXFileReference section */

/* Begin PBXFrameworksBuildPhase section */
		4C59E6F81CDFB4FB001A1103 /* Frameworks */ = {
			isa = PBXFrameworksBuildPhase;
			buildActionMask = 2147483647;
			files = (
				4CDE244B1CE919E200F30248 /* Accelerate.framework in Frameworks */,
				1AC6D055FE68D8E5E21004D7 /* libPods.a in Frameworks */,
			);
			runOnlyForDeploymentPostprocessing = 0;
		};
		4C59E7101CDFB4FC001A1103 /* Frameworks */ = {
			isa = PBXFrameworksBuildPhase;
			buildActionMask = 2147483647;
			files = (
			);
			runOnlyForDeploymentPostprocessing = 0;
		};
/* End PBXFrameworksBuildPhase section */

/* Begin PBXGroup section */
		4C59E6F21CDFB4FB001A1103 = {
			isa = PBXGroup;
			children = (
				4C59E6FD1CDFB4FB001A1103 /* JHNeuralSim */,
				4C59E7161CDFB4FC001A1103 /* JHNeuralSimTests */,
				4C59E6FC1CDFB4FB001A1103 /* Products */,
				7CCE562CCD039A7C1AA5FCC8 /* Pods */,
				ED17AC8EE06588FB59847500 /* Frameworks */,
			);
			sourceTree = "<group>";
		};
		4C59E6FC1CDFB4FB001A1103 /* Products */ = {
			isa = PBXGroup;
			children = (
				4C59E6FB1CDFB4FB001A1103 /* JHNeuralSim.app */,
				4C59E7131CDFB4FC001A1103 /* JHNeuralSimTests.xctest */,
			);
			name = Products;
			sourceTree = "<group>";
		};
		4C59E6FD1CDFB4FB001A1103 /* JHNeuralSim */ = {
			isa = PBXGroup;
			children = (
				4C59E6FE1CDFB4FB001A1103 /* AppDelegate.h */,
				4C59E6FF1CDFB4FB001A1103 /* AppDelegate.m */,
				4C59E7311CDFE01C001A1103 /* JHConstants.h */,
				4C64D7A61CE20A7100A7CDB6 /* JHConstants.m */,
				4C59E7041CDFB4FB001A1103 /* GameScene.h */,
				4C59E7051CDFB4FB001A1103 /* GameScene.m */,
				4C59E7281CDFDC3B001A1103 /* JHActorNode.h */,
				4C59E7291CDFDC3B001A1103 /* JHActorNode.m */,
				4C9AC6D11CE0103C006159AC /* JHGameNode.h */,
				4C9AC6D21CE0103C006159AC /* JHGameNode.m */,
				4CD87C8F1CE015AD00B382C1 /* JHSpriteNode.h */,
				4CD87C901CE015AD00B382C1 /* JHSpriteNode.m */,
				4C9AC6D41CE0118C006159AC /* JHTileNode.h */,
				4C9AC6D51CE0118C006159AC /* JHTileNode.m */,
				4C64D7B11CE5711100A7CDB6 /* JHGame.h */,
				4C64D7B21CE5711100A7CDB6 /* JHGame.m */,
				4C64D7B41CE5712A00A7CDB6 /* JHGameBoard.h */,
				4C64D7B51CE5712A00A7CDB6 /* JHGameBoard.m */,
				4C59E72B1CDFDC9C001A1103 /* JHNeuralNetwork.h */,
				4C59E72C1CDFDC9C001A1103 /* JHNeuralNetwork.m */,
				4C64D7A31CE2059600A7CDB6 /* JHGeneticAlgorithm.h */,
				4C64D7A41CE2059600A7CDB6 /* JHGeneticAlgorithm.m */,
				4CDE243C1CE581ED00F30248 /* podfile */,
				4C59E7071CDFB4FB001A1103 /* GameScene.sks */,
				4C59E7091CDFB4FB001A1103 /* Assets.xcassets */,
				4C59E70B1CDFB4FB001A1103 /* MainMenu.xib */,
				4C59E70E1CDFB4FB001A1103 /* Info.plist */,
				4C59E7011CDFB4FB001A1103 /* Supporting Files */,
			);
			path = JHNeuralSim;
			sourceTree = "<group>";
		};
		4C59E7011CDFB4FB001A1103 /* Supporting Files */ = {
			isa = PBXGroup;
			children = (
				4C59E7021CDFB4FB001A1103 /* main.m */,
			);
			name = "Supporting Files";
			sourceTree = "<group>";
		};
		4C59E7161CDFB4FC001A1103 /* JHNeuralSimTests */ = {
			isa = PBXGroup;
			children = (
				4C59E7171CDFB4FC001A1103 /* JHNeuralSimTests.m */,
				4C59E7191CDFB4FC001A1103 /* Info.plist */,
			);
			path = JHNeuralSimTests;
			sourceTree = "<group>";
		};
		7CCE562CCD039A7C1AA5FCC8 /* Pods */ = {
			isa = PBXGroup;
			children = (
				4B4E634B02B758AEDFC1F484 /* Pods.debug.xcconfig */,
				2591B6C71B411FDB1EC24A26 /* Pods.release.xcconfig */,
			);
			name = Pods;
			sourceTree = "<group>";
		};
		ED17AC8EE06588FB59847500 /* Frameworks */ = {
			isa = PBXGroup;
			children = (
				4CDE244A1CE919E200F30248 /* Accelerate.framework */,
				4CDE24481CE919D200F30248 /* vecLib.framework */,
				9972426A839C0F8F97500F13 /* libPods.a */,
			);
			name = Frameworks;
			sourceTree = "<group>";
		};
/* End PBXGroup section */

/* Begin PBXNativeTarget section */
		4C59E6FA1CDFB4FB001A1103 /* JHNeuralSim */ = {
			isa = PBXNativeTarget;
			buildConfigurationList = 4C59E71C1CDFB4FC001A1103 /* Build configuration list for PBXNativeTarget "JHNeuralSim" */;
			buildPhases = (
				CA2666AECD3148FAC26AF999 /* Check Pods Manifest.lock */,
				4C59E6F71CDFB4FB001A1103 /* Sources */,
				4C59E6F81CDFB4FB001A1103 /* Frameworks */,
				4C59E6F91CDFB4FB001A1103 /* Resources */,
				CE936FEDDB9A9C1466EEEEB3 /* Embed Pods Frameworks */,
				68275240AD7986C1C0BEFE4F /* Copy Pods Resources */,
			);
			buildRules = (
			);
			dependencies = (
			);
			name = JHNeuralSim;
			productName = JHNeuralSim;
			productReference = 4C59E6FB1CDFB4FB001A1103 /* JHNeuralSim.app */;
			productType = "com.apple.product-type.application";
		};
		4C59E7121CDFB4FC001A1103 /* JHNeuralSimTests */ = {
			isa = PBXNativeTarget;
			buildConfigurationList = 4C59E71F1CDFB4FC001A1103 /* Build configuration list for PBXNativeTarget "JHNeuralSimTests" */;
			buildPhases = (
				4C59E70F1CDFB4FC001A1103 /* Sources */,
				4C59E7101CDFB4FC001A1103 /* Frameworks */,
				4C59E7111CDFB4FC001A1103 /* Resources */,
			);
			buildRules = (
			);
			dependencies = (
				4C59E7151CDFB4FC001A1103 /* PBXTargetDependency */,
			);
			name = JHNeuralSimTests;
			productName = JHNeuralSimTests;
			productReference = 4C59E7131CDFB4FC001A1103 /* JHNeuralSimTests.xctest */;
			productType = "com.apple.product-type.bundle.unit-test";
		};
/* End PBXNativeTarget section */

/* Begin PBXProject section */
		4C59E6F31CDFB4FB001A1103 /* Project object */ = {
			isa = PBXProject;
			attributes = {
				LastUpgradeCheck = 0730;
				ORGANIZATIONNAME = "Chance Hudson";
				TargetAttributes = {
					4C59E6FA1CDFB4FB001A1103 = {
						CreatedOnToolsVersion = 7.3;
					};
					4C59E7121CDFB4FC001A1103 = {
						CreatedOnToolsVersion = 7.3;
						TestTargetID = 4C59E6FA1CDFB4FB001A1103;
					};
				};
			};
			buildConfigurationList = 4C59E6F61CDFB4FB001A1103 /* Build configuration list for PBXProject "JHNeuralSim" */;
			compatibilityVersion = "Xcode 3.2";
			developmentRegion = English;
			hasScannedForEncodings = 0;
			knownRegions = (
				en,
				Base,
			);
			mainGroup = 4C59E6F21CDFB4FB001A1103;
			productRefGroup = 4C59E6FC1CDFB4FB001A1103 /* Products */;
			projectDirPath = "";
			projectRoot = "";
			targets = (
				4C59E6FA1CDFB4FB001A1103 /* JHNeuralSim */,
				4C59E7121CDFB4FC001A1103 /* JHNeuralSimTests */,
			);
		};
/* End PBXProject section */

/* Begin PBXResourcesBuildPhase section */
		4C59E6F91CDFB4FB001A1103 /* Resources */ = {
			isa = PBXResourcesBuildPhase;
			buildActionMask = 2147483647;
			files = (
				4C59E70A1CDFB4FB001A1103 /* Assets.xcassets in Resources */,
				4C59E7081CDFB4FB001A1103 /* GameScene.sks in Resources */,
				4CDE243D1CE581ED00F30248 /* podfile in Resources */,
				4C59E70D1CDFB4FB001A1103 /* MainMenu.xib in Resources */,
			);
			runOnlyForDeploymentPostprocessing = 0;
		};
		4C59E7111CDFB4FC001A1103 /* Resources */ = {
			isa = PBXResourcesBuildPhase;
			buildActionMask = 2147483647;
			files = (
			);
			runOnlyForDeploymentPostprocessing = 0;
		};
/* End PBXResourcesBuildPhase section */

/* Begin PBXShellScriptBuildPhase section */
		68275240AD7986C1C0BEFE4F /* Copy Pods Resources */ = {
			isa = PBXShellScriptBuildPhase;
			buildActionMask = 2147483647;
			files = (
			);
			inputPaths = (
			);
			name = "Copy Pods Resources";
			outputPaths = (
			);
			runOnlyForDeploymentPostprocessing = 0;
			shellPath = /bin/sh;
			shellScript = "\"${SRCROOT}/Pods/Target Support Files/Pods/Pods-resources.sh\"\n";
			showEnvVarsInLog = 0;
		};
		CA2666AECD3148FAC26AF999 /* Check Pods Manifest.lock */ = {
			isa = PBXShellScriptBuildPhase;
			buildActionMask = 2147483647;
			files = (
			);
			inputPaths = (
			);
			name = "Check Pods Manifest.lock";
			outputPaths = (
			);
			runOnlyForDeploymentPostprocessing = 0;
			shellPath = /bin/sh;
			shellScript = "diff \"${PODS_ROOT}/../Podfile.lock\" \"${PODS_ROOT}/Manifest.lock\" > /dev/null\nif [[ $? != 0 ]] ; then\n    cat << EOM\nerror: The sandbox is not in sync with the Podfile.lock. Run 'pod install' or update your CocoaPods installation.\nEOM\n    exit 1\nfi\n";
			showEnvVarsInLog = 0;
		};
		CE936FEDDB9A9C1466EEEEB3 /* Embed Pods Frameworks */ = {
			isa = PBXShellScriptBuildPhase;
			buildActionMask = 2147483647;
			files = (
			);
			inputPaths = (
			);
			name = "Embed Pods Frameworks";
			outputPaths = (
			);
			runOnlyForDeploymentPostprocessing = 0;
			shellPath = /bin/sh;
			shellScript = "\"${SRCROOT}/Pods/Target Support Files/Pods/Pods-frameworks.sh\"\n";
			showEnvVarsInLog = 0;
		};
/* End PBXShellScriptBuildPhase section */

/* Begin PBXSourcesBuildPhase section */
		4C59E6F71CDFB4FB001A1103 /* Sources */ = {
			isa = PBXSourcesBuildPhase;
			buildActionMask = 2147483647;
			files = (
				4CD87C911CE015AD00B382C1 /* JHSpriteNode.m in Sources */,
				4C59E7031CDFB4FB001A1103 /* main.m in Sources */,
				4C64D7A51CE2059600A7CDB6 /* JHGeneticAlgorithm.m in Sources */,
				4C9AC6D61CE0118C006159AC /* JHTileNode.m in Sources */,
				4C59E7061CDFB4FB001A1103 /* GameScene.m in Sources */,
				4C64D7A71CE20A7100A7CDB6 /* JHConstants.m in Sources */,
				4C9AC6D31CE0103C006159AC /* JHGameNode.m in Sources */,
				4C59E7001CDFB4FB001A1103 /* AppDelegate.m in Sources */,
				4C64D7B61CE5712A00A7CDB6 /* JHGameBoard.m in Sources */,
				4C64D7B31CE5711100A7CDB6 /* JHGame.m in Sources */,
				4C59E72D1CDFDC9C001A1103 /* JHNeuralNetwork.m in Sources */,
				4C59E72A1CDFDC3B001A1103 /* JHActorNode.m in Sources */,
			);
			runOnlyForDeploymentPostprocessing = 0;
		};
		4C59E70F1CDFB4FC001A1103 /* Sources */ = {
			isa = PBXSourcesBuildPhase;
			buildActionMask = 2147483647;
			files = (
				4C59E7181CDFB4FC001A1103 /* JHNeuralSimTests.m in Sources */,
			);
			runOnlyForDeploymentPostprocessing = 0;
		};
/* End PBXSourcesBuildPhase section */

/* Begin PBXTargetDependency section */
		4C59E7151CDFB4FC001A1103 /* PBXTargetDependency */ = {
			isa = PBXTargetDependency;
			target = 4C59E6FA1CDFB4FB001A1103 /* JHNeuralSim */;
			targetProxy = 4C59E7141CDFB4FC001A1103 /* PBXContainerItemProxy */;
		};
/* End PBXTargetDependency section */

/* Begin PBXVariantGroup section */
		4C59E70B1CDFB4FB001A1103 /* MainMenu.xib */ = {
			isa = PBXVariantGroup;
			children = (
				4C59E70C1CDFB4FB001A1103 /* Base */,
			);
			name = MainMenu.xib;
			sourceTree = "<group>";
		};
/* End PBXVariantGroup section */

/* Begin XCBuildConfiguration section */
		4C59E71A1CDFB4FC001A1103 /* Debug */ = {
			isa = XCBuildConfiguration;
			buildSettings = {
				ALWAYS_SEARCH_USER_PATHS = NO;
				CLANG_ANALYZER_NONNULL = YES;
				CLANG_CXX_LANGUAGE_STANDARD = "gnu++0x";
				CLANG_CXX_LIBRARY = "libc++";
				CLANG_ENABLE_MODULES = YES;
				CLANG_ENABLE_OBJC_ARC = YES;
				CLANG_WARN_BOOL_CONVERSION = YES;
				CLANG_WARN_CONSTANT_CONVERSION = YES;
				CLANG_WARN_DIRECT_OBJC_ISA_USAGE = YES_ERROR;
				CLANG_WARN_EMPTY_BODY = YES;
				CLANG_WARN_ENUM_CONVERSION = YES;
				CLANG_WARN_INT_CONVERSION = YES;
				CLANG_WARN_OBJC_ROOT_CLASS = YES_ERROR;
				CLANG_WARN_UNREACHABLE_CODE = YES;
				CLANG_WARN__DUPLICATE_METHOD_MATCH = YES;
				CODE_SIGN_IDENTITY = "-";
				COPY_PHASE_STRIP = NO;
				DEBUG_INFORMATION_FORMAT = "dwarf-with-dsym";
				ENABLE_STRICT_OBJC_MSGSEND = YES;
				ENABLE_TESTABILITY = YES;
				GCC_C_LANGUAGE_STANDARD = gnu99;
				GCC_DYNAMIC_NO_PIC = NO;
				GCC_NO_COMMON_BLOCKS = YES;
				GCC_OPTIMIZATION_LEVEL = 0;
				GCC_PREPROCESSOR_DEFINITIONS = (
					"DEBUG=1",
					"$(inherited)",
				);
				GCC_WARN_64_TO_32_BIT_CONVERSION = YES;
				GCC_WARN_ABOUT_RETURN_TYPE = YES_ERROR;
				GCC_WARN_UNDECLARED_SELECTOR = YES;
				GCC_WARN_UNINITIALIZED_AUTOS = YES_AGGRESSIVE;
				GCC_WARN_UNUSED_FUNCTION = YES;
				GCC_WARN_UNUSED_VARIABLE = YES;
				MACOSX_DEPLOYMENT_TARGET = 10.11;
				MTL_ENABLE_DEBUG_INFO = YES;
				ONLY_ACTIVE_ARCH = YES;
				SDKROOT = macosx;
			};
			name = Debug;
		};
		4C59E71B1CDFB4FC001A1103 /* Release */ = {
			isa = XCBuildConfiguration;
			buildSettings = {
				ALWAYS_SEARCH_USER_PATHS = NO;
				CLANG_ANALYZER_NONNULL = YES;
				CLANG_CXX_LANGUAGE_STANDARD = "gnu++0x";
				CLANG_CXX_LIBRARY = "libc++";
				CLANG_ENABLE_MODULES = YES;
				CLANG_ENABLE_OBJC_ARC = YES;
				CLANG_WARN_BOOL_CONVERSION = YES;
				CLANG_WARN_CONSTANT_CONVERSION = YES;
				CLANG_WARN_DIRECT_OBJC_ISA_USAGE = YES_ERROR;
				CLANG_WARN_EMPTY_BODY = YES;
				CLANG_WARN_ENUM_CONVERSION = YES;
				CLANG_WARN_INT_CONVERSION = YES;
				CLANG_WARN_OBJC_ROOT_CLASS = YES_ERROR;
				CLANG_WARN_UNREACHABLE_CODE = YES;
				CLANG_WARN__DUPLICATE_METHOD_MATCH = YES;
				CODE_SIGN_IDENTITY = "-";
				COPY_PHASE_STRIP = NO;
				DEBUG_INFORMATION_FORMAT = "dwarf-with-dsym";
				ENABLE_NS_ASSERTIONS = NO;
				ENABLE_STRICT_OBJC_MSGSEND = YES;
				GCC_C_LANGUAGE_STANDARD = gnu99;
				GCC_NO_COMMON_BLOCKS = YES;
				GCC_WARN_64_TO_32_BIT_CONVERSION = YES;
				GCC_WARN_ABOUT_RETURN_TYPE = YES_ERROR;
				GCC_WARN_UNDECLARED_SELECTOR = YES;
				GCC_WARN_UNINITIALIZED_AUTOS = YES_AGGRESSIVE;
				GCC_WARN_UNUSED_FUNCTION = YES;
				GCC_WARN_UNUSED_VARIABLE = YES;
				MACOSX_DEPLOYMENT_TARGET = 10.11;
				MTL_ENABLE_DEBUG_INFO = NO;
				SDKROOT = macosx;
			};
			name = Release;
		};
		4C59E71D1CDFB4FC001A1103 /* Debug */ = {
			isa = XCBuildConfiguration;
			baseConfigurationReference = 4B4E634B02B758AEDFC1F484 /* Pods.debug.xcconfig */;
			buildSettings = {
				ASSETCATALOG_COMPILER_APPICON_NAME = AppIcon;
				CLANG_ENABLE_MODULES = YES;
				COMBINE_HIDPI_IMAGES = YES;
				INFOPLIST_FILE = JHNeuralSim/Info.plist;
				LD_RUNPATH_SEARCH_PATHS = "$(inherited) @executable_path/../Frameworks";
				PRODUCT_BUNDLE_IDENTIFIER = com.chancehudson.JHNeuralSim;
				PRODUCT_NAME = "$(TARGET_NAME)";
			};
			name = Debug;
		};
		4C59E71E1CDFB4FC001A1103 /* Release */ = {
			isa = XCBuildConfiguration;
			baseConfigurationReference = 2591B6C71B411FDB1EC24A26 /* Pods.release.xcconfig */;
			buildSettings = {
				ASSETCATALOG_COMPILER_APPICON_NAME = AppIcon;
				CLANG_ENABLE_MODULES = YES;
				COMBINE_HIDPI_IMAGES = YES;
				INFOPLIST_FILE = JHNeuralSim/Info.plist;
				LD_RUNPATH_SEARCH_PATHS = "$(inherited) @executable_path/../Frameworks";
				PRODUCT_BUNDLE_IDENTIFIER = com.chancehudson.JHNeuralSim;
				PRODUCT_NAME = "$(TARGET_NAME)";
			};
			name = Release;
		};
		4C59E7201CDFB4FC001A1103 /* Debug */ = {
			isa = XCBuildConfiguration;
			buildSettings = {
				BUNDLE_LOADER = "$(TEST_HOST)";
				COMBINE_HIDPI_IMAGES = YES;
				DEBUG_INFORMATION_FORMAT = dwarf;
				INFOPLIST_FILE = JHNeuralSimTests/Info.plist;
				LD_RUNPATH_SEARCH_PATHS = "$(inherited) @executable_path/../Frameworks @loader_path/../Frameworks";
				PRODUCT_BUNDLE_IDENTIFIER = com.chancehudson.JHNeuralSimTests;
				PRODUCT_NAME = "$(TARGET_NAME)";
				TEST_HOST = "$(BUILT_PRODUCTS_DIR)/JHNeuralSim.app/Contents/MacOS/JHNeuralSim";
			};
			name = Debug;
		};
		4C59E7211CDFB4FC001A1103 /* Release */ = {
			isa = XCBuildConfiguration;
			buildSettings = {
				BUNDLE_LOADER = "$(TEST_HOST)";
				COMBINE_HIDPI_IMAGES = YES;
				INFOPLIST_FILE = JHNeuralSimTests/Info.plist;
				LD_RUNPATH_SEARCH_PATHS = "$(inherited) @executable_path/../Frameworks @loader_path/../Frameworks";
				PRODUCT_BUNDLE_IDENTIFIER = com.chancehudson.JHNeuralSimTests;
				PRODUCT_NAME = "$(TARGET_NAME)";
				TEST_HOST = "$(BUILT_PRODUCTS_DIR)/JHNeuralSim.app/Contents/MacOS/JHNeuralSim";
			};
			name = Release;
		};
/* End XCBuildConfiguration section */

/* Begin XCConfigurationList section */
		4C59E6F61CDFB4FB001A1103 /* Build configuration list for PBXProject "JHNeuralSim" */ = {
			isa = XCConfigurationList;
			buildConfigurations = (
				4C59E71A1CDFB4FC001A1103 /* Debug */,
				4C59E71B1CDFB4FC001A1103 /* Release */,
			);
			defaultConfigurationIsVisible = 0;
			defaultConfigurationName = Release;
		};
		4C59E71C1CDFB4FC001A1103 /* Build configuration list for PBXNativeTarget "JHNeuralSim" */ = {
			isa = XCConfigurationList;
			buildConfigurations = (
				4C59E71D1CDFB4FC001A1103 /* Debug */,
				4C59E71E1CDFB4FC001A1103 /* Release */,
			);
			defaultConfigurationIsVisible = 0;
			defaultConfigurationName = Release;
		};
		4C59E71F1CDFB4FC001A1103 /* Build configuration list for PBXNativeTarget "JHNeuralSimTests" */ = {
			isa = XCConfigurationList;
			buildConfigurations = (
				4C59E7201CDFB4FC001A1103 /* Debug */,
				4C59E7211CDFB4FC001A1103 /* Release */,
			);
			defaultConfigurationIsVisible = 0;
			defaultConfigurationName = Release;
		};
/* End XCConfigurationList section */
	};
	rootObject = 4C59E6F31CDFB4FB001A1103 /* Project object */;
}
